
Microsoft Visual Studio Solution File, Format Version 12.00
# Visual Studio Version 17
VisualStudioVersion = 17.8.34511.84
MinimumVisualStudioVersion = 10.0.40219.1
Project("{FAE04EC0-301F-11D3-BF4B-00C04F79EFBC}") = "AutoriaWinForm", "AutoriaWinForm\AutoriaWinForm.csproj", "{B1C620FF-B4B1-4565-B5D7-EDB93478D49D}"
EndProject
Global
	GlobalSection(SolutionConfigurationPlatforms) = preSolution
		Debug|Any CPU = Debug|Any CPU
		Release|Any CPU = Release|Any CPU
	EndGlobalSection
	GlobalSection(ProjectConfigurationPlatforms) = postSolution
		{B1C620FF-B4B1-4565-B5D7-EDB93478D49D}.Debug|Any CPU.ActiveCfg = Debug|Any CPU
		{B1C620FF-B4B1-4565-B5D7-EDB93478D49D}.Debug|Any CPU.Build.0 = Debug|Any CPU
		{B1C620FF-B4B1-4565-B5D7-EDB93478D49D}.Release|Any CPU.ActiveCfg = Release|Any CPU
		{B1C620FF-B4B1-4565-B5D7-EDB93478D49D}.Release|Any CPU.Build.0 = Release|Any CPU
	EndGlobalSection
	GlobalSection(SolutionProperties) = preSolution
		HideSolutionNode = FALSE
	EndGlobalSection
	GlobalSection(ExtensibilityGlobals) = postSolution
		SolutionGuid = {DC0FD35B-7723-4FB3-9055-E207D57DA252}
	EndGlobalSection
EndGlobal
